
Microsoft Visual Studio Solution File, Format Version 12.00
# Visual Studio 16
Project("{FAE04EC0-301F-11D3-BF4B-00C04F79EFBC}") = "Assembly-CSharp", "Assembly-CSharp.csproj", "{4CA2BE74-C6E5-DCEE-8825-72F17F5BFCF7}"
EndProject
Project("{FAE04EC0-301F-11D3-BF4B-00C04F79EFBC}") = "Assembly-CSharp-Editor", "Assembly-CSharp-Editor.csproj", "{8B9EF96E-E0C1-61A7-240A-EF7974420FD4}"
EndProject
Global
	GlobalSection(SolutionConfigurationPlatforms) = preSolution
		Debug|Any CPU = Debug|Any CPU
		Release|Any CPU = Release|Any CPU
	EndGlobalSection
	GlobalSection(ProjectConfigurationPlatforms) = postSolution
		{4CA2BE74-C6E5-DCEE-8825-72F17F5BFCF7}.Debug|Any CPU.ActiveCfg = Debug|Any CPU
		{4CA2BE74-C6E5-DCEE-8825-72F17F5BFCF7}.Debug|Any CPU.Build.0 = Debug|Any CPU
		{4CA2BE74-C6E5-DCEE-8825-72F17F5BFCF7}.Release|Any CPU.ActiveCfg = Release|Any CPU
		{4CA2BE74-C6E5-DCEE-8825-72F17F5BFCF7}.Release|Any CPU.Build.0 = Release|Any CPU
		{8B9EF96E-E0C1-61A7-240A-EF7974420FD4}.Debug|Any CPU.ActiveCfg = Debug|Any CPU
		{8B9EF96E-E0C1-61A7-240A-EF7974420FD4}.Debug|Any CPU.Build.0 = Debug|Any CPU
		{8B9EF96E-E0C1-61A7-240A-EF7974420FD4}.Release|Any CPU.ActiveCfg = Release|Any CPU
		{8B9EF96E-E0C1-61A7-240A-EF7974420FD4}.Release|Any CPU.Build.0 = Release|Any CPU
	EndGlobalSection
	GlobalSection(SolutionProperties) = preSolution
		HideSolutionNode = FALSE
	EndGlobalSection
EndGlobal
